{
  "name": "justconveyor.dashboard",
  "version": "0.0.5",
  "dependencies": {
    "@types/lodash": {
      "version": "4.14.77",
      "from": "@types/lodash@latest",
      "resolved": "https://registry.npmjs.org/@types/lodash/-/lodash-4.14.77.tgz"
    },
    "@types/webpack-env": {
      "version": "1.13.1"
    },
    "abbrev": {
      "version": "1.1.1"
    },
    "acorn": {
      "version": "5.1.2"
    },
    "acorn-dynamic-import": {
      "version": "2.0.2",
      "dependencies": {
        "acorn": {
          "version": "4.0.13"
        }
      }
    },
    "ajv": {
      "version": "4.11.8"
    },
    "ajv-keywords": {
      "version": "1.5.1"
    },
    "align-text": {
      "version": "0.1.4"
    },
    "alphanum-sort": {
      "version": "1.0.2"
    },
    "ansi-html": {
      "version": "0.0.7"
    },
    "ansi-regex": {
      "version": "2.1.1"
    },
    "ansi-styles": {
      "version": "2.2.1"
    },
    "anymatch": {
      "version": "1.3.2",
      "dependencies": {
        "arr-diff": {
          "version": "2.0.0"
        },
        "array-unique": {
          "version": "0.2.1"
        },
        "braces": {
          "version": "1.8.5"
        },
        "expand-brackets": {
          "version": "0.1.5"
        },
        "extglob": {
          "version": "0.3.2"
        },
        "micromatch": {
          "version": "2.3.11"
        }
      }
    },
    "argparse": {
      "version": "1.0.9"
    },
    "arr-diff": {
      "version": "4.0.0"
    },
    "arr-flatten": {
      "version": "1.1.0"
    },
    "arr-union": {
      "version": "3.1.0"
    },
    "array-unique": {
      "version": "0.3.2"
    },
    "asn1.js": {
      "version": "4.9.1"
    },
    "aspnet-webpack": {
      "version": "2.0.1",
      "dependencies": {
        "memory-fs": {
          "version": "0.3.0"
        }
      }
    },
    "assert": {
      "version": "1.4.1"
    },
    "async": {
      "version": "2.5.0"
    },
    "async-each": {
      "version": "1.0.1"
    },
    "atob": {
      "version": "2.0.3"
    },
    "autoprefixer": {
      "version": "6.7.7"
    },
    "awesome-typescript-loader": {
      "version": "3.2.3"
    },
    "babel-code-frame": {
      "version": "6.26.0"
    },
    "balanced-match": {
      "version": "0.4.2"
    },
    "base": {
      "version": "0.11.2",
      "dependencies": {
        "define-property": {
          "version": "1.0.0"
        },
        "is-descriptor": {
          "version": "1.0.1"
        },
        "kind-of": {
          "version": "5.0.2"
        }
      }
    },
    "base64-js": {
      "version": "1.2.1"
    },
    "big.js": {
      "version": "3.2.0"
    },
    "binary-extensions": {
      "version": "1.10.0"
    },
    "bluebird": {
      "version": "3.5.1"
    },
    "bn.js": {
      "version": "4.11.8"
    },
    "bootstrap": {
      "version": "4.0.0-beta"
    },
    "bootstrap-vue": {
      "version": "1.0.0-beta.9"
    },
    "brace-expansion": {
      "version": "1.1.8",
      "dependencies": {
        "balanced-match": {
          "version": "1.0.0"
        }
      }
    },
    "braces": {
      "version": "2.2.2",
      "dependencies": {
        "define-property": {
          "version": "1.0.0"
        },
        "is-descriptor": {
          "version": "1.0.1"
        },
        "kind-of": {
          "version": "5.0.2"
        }
      }
    },
    "brorand": {
      "version": "1.1.0"
    },
    "browserify-aes": {
      "version": "1.0.8"
    },
    "browserify-cipher": {
      "version": "1.0.0"
    },
    "browserify-des": {
      "version": "1.0.0"
    },
    "browserify-rsa": {
      "version": "4.0.1"
    },
    "browserify-sign": {
      "version": "4.0.4"
    },
    "browserify-zlib": {
      "version": "0.1.4"
    },
    "browserslist": {
      "version": "1.7.7"
    },
    "buffer": {
      "version": "4.9.1"
    },
    "buffer-xor": {
      "version": "1.0.3"
    },
    "builtin-modules": {
      "version": "1.1.1"
    },
    "builtin-status-codes": {
      "version": "3.0.0"
    },
    "cache-base": {
      "version": "1.0.1"
    },
    "camelcase": {
      "version": "3.0.0"
    },
    "caniuse-api": {
      "version": "1.6.1"
    },
    "caniuse-db": {
      "version": "1.0.30000746"
    },
    "center-align": {
      "version": "0.1.3",
      "dependencies": {
        "lazy-cache": {
          "version": "1.0.4"
        }
      }
    },
    "chalk": {
      "version": "1.1.3",
      "dependencies": {
        "supports-color": {
          "version": "2.0.0"
        }
      }
    },
    "chokidar": {
      "version": "1.7.0"
    },
    "cipher-base": {
      "version": "1.0.4"
    },
    "clap": {
      "version": "1.2.3"
    },
    "class-utils": {
      "version": "0.3.5"
    },
    "cliui": {
      "version": "3.2.0"
    },
    "clone": {
      "version": "1.0.2"
    },
    "co": {
      "version": "4.6.0"
    },
    "coa": {
      "version": "1.0.4"
    },
    "code-point-at": {
      "version": "1.1.0"
    },
    "collection-visit": {
      "version": "1.0.0"
    },
    "color": {
      "version": "0.11.4"
    },
    "color-convert": {
      "version": "1.9.0"
    },
    "color-name": {
      "version": "1.1.3"
    },
    "color-string": {
      "version": "0.3.0"
    },
    "colormin": {
      "version": "1.1.2"
    },
    "colors": {
      "version": "1.1.2"
    },
    "commander": {
      "version": "2.11.0"
    },
    "component-emitter": {
      "version": "1.2.1"
    },
    "concat-map": {
      "version": "0.0.1"
    },
    "config-chain": {
      "version": "1.1.11"
    },
    "connect": {
      "version": "3.6.5"
    },
    "console-browserify": {
      "version": "1.1.0"
    },
    "consolidate": {
      "version": "0.14.5"
    },
    "constants-browserify": {
      "version": "1.0.0"
    },
    "copy-descriptor": {
      "version": "0.1.1"
    },
    "core-util-is": {
      "version": "1.0.2"
    },
    "cosmiconfig": {
      "version": "2.2.2"
    },
    "create-ecdh": {
      "version": "4.0.0"
    },
    "create-hash": {
      "version": "1.1.3"
    },
    "create-hmac": {
      "version": "1.1.6"
    },
    "crypto-browserify": {
      "version": "3.11.1"
    },
    "css-color-names": {
      "version": "0.0.4"
    },
    "css-loader": {
      "version": "0.25.0",
      "dependencies": {
        "css-selector-tokenizer": {
          "version": "0.6.0"
        },
        "loader-utils": {
          "version": "0.2.17"
        }
      }
    },
    "css-selector-tokenizer": {
      "version": "0.7.0"
    },
    "cssesc": {
      "version": "0.1.0"
    },
    "cssnano": {
      "version": "3.10.0"
    },
    "csso": {
      "version": "2.3.2"
    },
    "date-now": {
      "version": "0.1.4"
    },
    "de-indent": {
      "version": "1.0.2"
    },
    "debug": {
      "version": "2.6.9"
    },
    "decamelize": {
      "version": "1.2.0"
    },
    "define-property": {
      "version": "0.2.5"
    },
    "defined": {
      "version": "1.0.0"
    },
    "des.js": {
      "version": "1.0.0"
    },
    "diffie-hellman": {
      "version": "5.0.2"
    },
    "domain-browser": {
      "version": "1.1.7"
    },
    "editorconfig": {
      "version": "0.13.3",
      "dependencies": {
        "lru-cache": {
          "version": "3.2.0"
        }
      }
    },
    "ee-first": {
      "version": "1.1.1"
    },
    "electron-to-chromium": {
      "version": "1.3.24"
    },
    "elliptic": {
      "version": "6.4.0"
    },
    "emojis-list": {
      "version": "2.1.0"
    },
    "encodeurl": {
      "version": "1.0.1"
    },
    "encoding": {
      "version": "0.1.12"
    },
    "enhanced-resolve": {
      "version": "3.3.0"
    },
    "errno": {
      "version": "0.1.4"
    },
    "error-ex": {
      "version": "1.3.1"
    },
    "es6-promise": {
      "version": "3.3.1"
    },
    "escape-html": {
      "version": "1.0.3"
    },
    "escape-string-regexp": {
      "version": "1.0.5"
    },
    "esprima": {
      "version": "4.0.0"
    },
    "esutils": {
      "version": "2.0.2"
    },
    "event-source-polyfill": {
      "version": "0.0.7"
    },
    "events": {
      "version": "1.1.1"
    },
    "evp_bytestokey": {
      "version": "1.0.3"
    },
    "expand-brackets": {
      "version": "2.1.4"
    },
    "expand-range": {
      "version": "1.8.2",
      "dependencies": {
        "fill-range": {
          "version": "2.2.3"
        },
        "is-number": {
          "version": "2.1.0"
        },
        "isobject": {
          "version": "2.1.0"
        }
      }
    },
    "extend-shallow": {
      "version": "2.0.1"
    },
    "extglob": {
      "version": "2.0.2",
      "dependencies": {
        "define-property": {
          "version": "1.0.0"
        },
        "is-descriptor": {
          "version": "1.0.1"
        },
        "kind-of": {
          "version": "5.0.2"
        }
      }
    },
    "extract-text-webpack-plugin": {
      "version": "2.1.2"
    },
    "fast-deep-equal": {
      "version": "1.0.0"
    },
    "fastparse": {
      "version": "1.1.1"
    },
    "file-loader": {
      "version": "0.9.0",
      "dependencies": {
        "loader-utils": {
          "version": "0.2.17"
        }
      }
    },
    "filename-regex": {
      "version": "2.0.1"
    },
    "fill-range": {
      "version": "4.0.0"
    },
    "finalhandler": {
      "version": "1.0.6"
    },
    "find-up": {
      "version": "1.1.2"
    },
    "flatten": {
      "version": "1.0.2"
    },
    "for-in": {
      "version": "1.0.2"
    },
    "for-own": {
      "version": "0.1.5"
    },
    "fragment-cache": {
      "version": "0.2.1"
    },
    "function-bind": {
      "version": "1.1.1"
    },
    "get-caller-file": {
      "version": "1.0.2"
    },
    "get-value": {
      "version": "2.0.6"
    },
    "glob-base": {
      "version": "0.3.0"
    },
    "glob-parent": {
      "version": "2.0.0"
    },
    "graceful-fs": {
      "version": "4.1.11"
    },
    "has": {
      "version": "1.0.1"
    },
    "has-ansi": {
      "version": "2.0.0"
    },
    "has-flag": {
      "version": "1.0.0"
    },
    "has-value": {
      "version": "1.0.0"
    },
    "has-values": {
      "version": "1.0.0",
      "dependencies": {
        "kind-of": {
          "version": "4.0.0"
        }
      }
    },
    "hash-base": {
      "version": "2.0.2"
    },
    "hash-sum": {
      "version": "1.0.2"
    },
    "hash.js": {
      "version": "1.1.3"
    },
    "he": {
      "version": "1.1.1"
    },
    "hmac-drbg": {
      "version": "1.0.1"
    },
    "hosted-git-info": {
      "version": "2.5.0"
    },
    "html-comment-regex": {
      "version": "1.1.1"
    },
    "html-entities": {
      "version": "1.2.1"
    },
    "https-browserify": {
      "version": "0.0.1"
    },
    "iconv-lite": {
      "version": "0.4.19"
    },
    "icss-replace-symbols": {
      "version": "1.1.0"
    },
    "ieee754": {
      "version": "1.1.8"
    },
    "indexes-of": {
      "version": "1.0.1"
    },
    "indexof": {
      "version": "0.0.1"
    },
    "inherits": {
      "version": "2.0.3"
    },
    "ini": {
      "version": "1.3.4"
    },
    "interpret": {
      "version": "1.0.4"
    },
    "invert-kv": {
      "version": "1.0.0"
    },
    "is-absolute-url": {
      "version": "2.1.0"
    },
    "is-accessor-descriptor": {
      "version": "0.1.6"
    },
    "is-arrayish": {
      "version": "0.2.1"
    },
    "is-binary-path": {
      "version": "1.0.1"
    },
    "is-buffer": {
      "version": "1.1.5"
    },
    "is-builtin-module": {
      "version": "1.0.0"
    },
    "is-data-descriptor": {
      "version": "0.1.4"
    },
    "is-descriptor": {
      "version": "0.1.6",
      "dependencies": {
        "kind-of": {
          "version": "5.0.2"
        }
      }
    },
    "is-directory": {
      "version": "0.3.1"
    },
    "is-dotfile": {
      "version": "1.0.3"
    },
    "is-equal-shallow": {
      "version": "0.1.3"
    },
    "is-extendable": {
      "version": "0.1.1"
    },
    "is-extglob": {
      "version": "1.0.0"
    },
    "is-fullwidth-code-point": {
      "version": "1.0.0"
    },
    "is-glob": {
      "version": "2.0.1"
    },
    "is-number": {
      "version": "3.0.0"
    },
    "is-odd": {
      "version": "1.0.0"
    },
    "is-plain-obj": {
      "version": "1.1.0"
    },
    "is-plain-object": {
      "version": "2.0.4"
    },
    "is-posix-bracket": {
      "version": "0.1.1"
    },
    "is-primitive": {
      "version": "2.0.0"
    },
    "is-stream": {
      "version": "1.1.0"
    },
    "is-svg": {
      "version": "2.1.0"
    },
    "is-utf8": {
      "version": "0.2.1"
    },
    "isarray": {
      "version": "1.0.0"
    },
    "isobject": {
      "version": "3.0.1"
    },
    "isomorphic-fetch": {
      "version": "2.2.1"
    },
    "jquery": {
      "version": "3.2.1"
    },
    "js-base64": {
      "version": "2.3.2"
    },
    "js-beautify": {
      "version": "1.7.4"
    },
    "js-tokens": {
      "version": "3.0.2"
    },
    "js-yaml": {
      "version": "3.10.0"
    },
    "jsesc": {
      "version": "0.5.0"
    },
    "json-loader": {
      "version": "0.5.7"
    },
    "json-schema-traverse": {
      "version": "0.3.1"
    },
    "json-stable-stringify": {
      "version": "1.0.1"
    },
    "json5": {
      "version": "0.5.1"
    },
    "jsonify": {
      "version": "0.0.0"
    },
    "kind-of": {
      "version": "3.2.2"
    },
    "lazy-cache": {
      "version": "2.0.2"
    },
    "lcid": {
      "version": "1.0.0"
    },
    "load-json-file": {
      "version": "1.1.0"
    },
    "loader-runner": {
      "version": "2.3.0"
    },
    "loader-utils": {
      "version": "1.1.0"
    },
    "lodash": {
      "version": "4.17.4"
    },
    "lodash._createcompounder": {
      "version": "3.0.0"
    },
    "lodash._root": {
      "version": "3.0.1"
    },
    "lodash.camelcase": {
      "version": "3.0.1"
    },
    "lodash.deburr": {
      "version": "3.2.0"
    },
    "lodash.memoize": {
      "version": "4.1.2"
    },
    "lodash.uniq": {
      "version": "4.5.0"
    },
    "lodash.words": {
      "version": "3.2.0"
    },
    "longest": {
      "version": "1.0.1"
    },
    "lru-cache": {
      "version": "4.1.1"
    },
    "macaddress": {
      "version": "0.2.8"
    },
    "map-cache": {
      "version": "0.2.2"
    },
    "map-visit": {
      "version": "1.0.0"
    },
    "math-expression-evaluator": {
      "version": "1.2.17"
    },
    "md5.js": {
      "version": "1.3.4",
      "dependencies": {
        "hash-base": {
          "version": "3.0.4"
        }
      }
    },
    "memory-fs": {
      "version": "0.4.1"
    },
    "micromatch": {
      "version": "3.1.0",
      "dependencies": {
        "define-property": {
          "version": "1.0.0"
        },
        "is-descriptor": {
          "version": "1.0.1"
        },
        "kind-of": {
          "version": "5.0.2"
        }
      }
    },
    "miller-rabin": {
      "version": "4.0.1"
    },
    "mime": {
      "version": "1.3.6"
    },
    "minimalistic-assert": {
      "version": "1.0.0"
    },
    "minimalistic-crypto-utils": {
      "version": "1.0.1"
    },
    "minimatch": {
      "version": "3.0.4"
    },
    "minimist": {
      "version": "1.2.0"
    },
    "mixin-deep": {
      "version": "1.2.0"
    },
    "mkdirp": {
      "version": "0.5.1",
      "dependencies": {
        "minimist": {
          "version": "0.0.8"
        }
      }
    },
    "ms": {
      "version": "2.0.0"
    },
    "nanomatch": {
      "version": "1.2.3",
      "dependencies": {
        "define-property": {
          "version": "1.0.0"
        },
        "is-descriptor": {
          "version": "1.0.1"
        },
        "kind-of": {
          "version": "5.0.2"
        }
      }
    },
    "node-fetch": {
      "version": "1.7.3"
    },
    "node-libs-browser": {
      "version": "2.0.0"
    },
    "nopt": {
      "version": "3.0.6"
    },
    "normalize-package-data": {
      "version": "2.4.0"
    },
    "normalize-path": {
      "version": "2.1.1"
    },
    "normalize-range": {
      "version": "0.1.2"
    },
    "normalize-url": {
      "version": "1.9.1"
    },
    "num2fraction": {
      "version": "1.2.2"
    },
    "number-is-nan": {
      "version": "1.0.1"
    },
    "object-assign": {
      "version": "4.1.1"
    },
    "object-copy": {
      "version": "0.1.0"
    },
    "object-visit": {
      "version": "1.0.1"
    },
    "object.omit": {
      "version": "2.0.1"
    },
    "object.pick": {
      "version": "1.3.0"
    },
    "on-finished": {
      "version": "2.3.0"
    },
    "os-browserify": {
      "version": "0.2.1"
    },
    "os-homedir": {
      "version": "1.0.2"
    },
    "os-locale": {
      "version": "1.4.0"
    },
    "pako": {
      "version": "0.2.9"
    },
    "parse-asn1": {
      "version": "5.1.0"
    },
    "parse-glob": {
      "version": "3.0.4"
    },
    "parse-json": {
      "version": "2.2.0"
    },
    "parseurl": {
      "version": "1.3.2"
    },
    "pascalcase": {
      "version": "0.1.1"
    },
    "path-browserify": {
      "version": "0.0.0"
    },
    "path-exists": {
      "version": "2.1.0"
    },
    "path-is-absolute": {
      "version": "1.0.1"
    },
    "path-type": {
      "version": "1.1.0"
    },
    "pbkdf2": {
      "version": "3.0.14"
    },
    "pify": {
      "version": "2.3.0"
    },
    "pinkie": {
      "version": "2.0.4"
    },
    "pinkie-promise": {
      "version": "2.0.1"
    },
    "popper.js": {
      "version": "1.12.5"
    },
    "posix-character-classes": {
      "version": "0.1.1"
    },
    "postcss": {
      "version": "5.2.18"
    },
    "postcss-calc": {
      "version": "5.3.1"
    },
    "postcss-colormin": {
      "version": "2.2.2"
    },
    "postcss-convert-values": {
      "version": "2.6.1"
    },
    "postcss-discard-comments": {
      "version": "2.0.4"
    },
    "postcss-discard-duplicates": {
      "version": "2.1.0"
    },
    "postcss-discard-empty": {
      "version": "2.1.0"
    },
    "postcss-discard-overridden": {
      "version": "0.1.1"
    },
    "postcss-discard-unused": {
      "version": "2.2.3"
    },
    "postcss-filter-plugins": {
      "version": "2.0.2"
    },
    "postcss-load-config": {
      "version": "1.2.0"
    },
    "postcss-load-options": {
      "version": "1.2.0"
    },
    "postcss-load-plugins": {
      "version": "2.3.0"
    },
    "postcss-merge-idents": {
      "version": "2.1.7"
    },
    "postcss-merge-longhand": {
      "version": "2.0.2"
    },
    "postcss-merge-rules": {
      "version": "2.1.2"
    },
    "postcss-message-helpers": {
      "version": "2.0.0"
    },
    "postcss-minify-font-values": {
      "version": "1.0.5"
    },
    "postcss-minify-gradients": {
      "version": "1.0.5"
    },
    "postcss-minify-params": {
      "version": "1.2.2"
    },
    "postcss-minify-selectors": {
      "version": "2.1.1"
    },
    "postcss-modules-extract-imports": {
      "version": "1.2.0",
      "dependencies": {
        "ansi-styles": {
          "version": "3.2.0"
        },
        "chalk": {
          "version": "2.1.0"
        },
        "has-flag": {
          "version": "2.0.0"
        },
        "postcss": {
          "version": "6.0.13"
        },
        "source-map": {
          "version": "0.6.1"
        },
        "supports-color": {
          "version": "4.4.0"
        }
      }
    },
    "postcss-modules-local-by-default": {
      "version": "1.2.0",
      "dependencies": {
        "ansi-styles": {
          "version": "3.2.0"
        },
        "chalk": {
          "version": "2.1.0"
        },
        "has-flag": {
          "version": "2.0.0"
        },
        "postcss": {
          "version": "6.0.13"
        },
        "source-map": {
          "version": "0.6.1"
        },
        "supports-color": {
          "version": "4.4.0"
        }
      }
    },
    "postcss-modules-scope": {
      "version": "1.1.0",
      "dependencies": {
        "ansi-styles": {
          "version": "3.2.0"
        },
        "chalk": {
          "version": "2.1.0"
        },
        "has-flag": {
          "version": "2.0.0"
        },
        "postcss": {
          "version": "6.0.13"
        },
        "source-map": {
          "version": "0.6.1"
        },
        "supports-color": {
          "version": "4.4.0"
        }
      }
    },
    "postcss-modules-values": {
      "version": "1.3.0",
      "dependencies": {
        "ansi-styles": {
          "version": "3.2.0"
        },
        "chalk": {
          "version": "2.1.0"
        },
        "has-flag": {
          "version": "2.0.0"
        },
        "postcss": {
          "version": "6.0.13"
        },
        "source-map": {
          "version": "0.6.1"
        },
        "supports-color": {
          "version": "4.4.0"
        }
      }
    },
    "postcss-normalize-charset": {
      "version": "1.1.1"
    },
    "postcss-normalize-url": {
      "version": "3.0.8"
    },
    "postcss-ordered-values": {
      "version": "2.2.3"
    },
    "postcss-reduce-idents": {
      "version": "2.4.0"
    },
    "postcss-reduce-initial": {
      "version": "1.0.1"
    },
    "postcss-reduce-transforms": {
      "version": "1.0.4"
    },
    "postcss-selector-parser": {
      "version": "2.2.3"
    },
    "postcss-svgo": {
      "version": "2.1.6"
    },
    "postcss-unique-selectors": {
      "version": "2.0.2"
    },
    "postcss-value-parser": {
      "version": "3.3.0"
    },
    "postcss-zindex": {
      "version": "2.2.0"
    },
    "prepend-http": {
      "version": "1.0.4"
    },
    "preserve": {
      "version": "0.2.0"
    },
    "process": {
      "version": "0.11.10"
    },
    "process-nextick-args": {
      "version": "1.0.7"
    },
    "proto-list": {
      "version": "1.2.4"
    },
    "prr": {
      "version": "0.0.0"
    },
    "pseudomap": {
      "version": "1.0.2"
    },
    "public-encrypt": {
      "version": "4.0.0"
    },
    "punycode": {
      "version": "1.4.1"
    },
    "q": {
      "version": "1.5.0"
    },
    "query-string": {
      "version": "4.3.4"
    },
    "querystring": {
      "version": "0.2.0"
    },
    "querystring-es3": {
      "version": "0.2.1"
    },
    "randomatic": {
      "version": "1.1.7",
      "dependencies": {
        "kind-of": {
          "version": "4.0.0"
        }
      }
    },
    "randombytes": {
      "version": "2.0.5"
    },
    "range-parser": {
      "version": "1.2.0"
    },
    "read-pkg": {
      "version": "1.1.0"
    },
    "read-pkg-up": {
      "version": "1.0.1"
    },
    "readable-stream": {
      "version": "2.3.3",
      "dependencies": {
        "string_decoder": {
          "version": "1.0.3"
        }
      }
    },
    "readdirp": {
      "version": "2.1.0"
    },
    "reduce-css-calc": {
      "version": "1.3.0"
    },
    "reduce-function-call": {
      "version": "1.0.2"
    },
    "reflect-metadata": {
      "version": "0.1.10"
    },
    "regenerate": {
      "version": "1.3.3"
    },
    "regex-cache": {
      "version": "0.4.4"
    },
    "regex-not": {
      "version": "1.0.0"
    },
    "regexpu-core": {
      "version": "1.0.0"
    },
    "regjsgen": {
      "version": "0.2.0"
    },
    "regjsparser": {
      "version": "0.1.5"
    },
    "remove-trailing-separator": {
      "version": "1.1.0"
    },
    "repeat-element": {
      "version": "1.1.2"
    },
    "repeat-string": {
      "version": "1.6.1"
    },
    "require-directory": {
      "version": "2.1.1"
    },
    "require-from-string": {
      "version": "1.2.1"
    },
    "require-main-filename": {
      "version": "1.0.1"
    },
    "resolve-url": {
      "version": "0.2.1"
    },
    "right-align": {
      "version": "0.1.3"
    },
    "ripemd160": {
      "version": "2.0.1"
    },
    "safe-buffer": {
      "version": "5.1.1"
    },
    "sax": {
      "version": "1.2.4"
    },
    "schema-utils": {
      "version": "0.3.0",
      "dependencies": {
        "ajv": {
          "version": "5.2.3"
        }
      }
    },
    "semver": {
      "version": "5.4.1"
    },
    "set-blocking": {
      "version": "2.0.0"
    },
    "set-getter": {
      "version": "0.1.0"
    },
    "set-immediate-shim": {
      "version": "1.0.1"
    },
    "set-value": {
      "version": "2.0.0",
      "dependencies": {
        "split-string": {
          "version": "3.0.2"
        }
      }
    },
    "setimmediate": {
      "version": "1.0.5"
    },
    "sha.js": {
      "version": "2.4.9"
    },
    "sigmund": {
      "version": "1.0.1"
    },
    "snapdragon": {
      "version": "0.8.1"
    },
    "snapdragon-node": {
      "version": "2.1.1",
      "dependencies": {
        "define-property": {
          "version": "1.0.0"
        },
        "is-descriptor": {
          "version": "1.0.1"
        },
        "kind-of": {
          "version": "5.0.2"
        }
      }
    },
    "snapdragon-util": {
      "version": "3.0.1"
    },
    "sort-keys": {
      "version": "1.1.2"
    },
    "source-list-map": {
      "version": "0.1.8"
    },
    "source-map": {
      "version": "0.5.7"
    },
    "source-map-resolve": {
      "version": "0.5.0"
    },
    "source-map-support": {
      "version": "0.4.18"
    },
    "source-map-url": {
      "version": "0.4.0"
    },
    "spdx-correct": {
      "version": "1.0.2"
    },
    "spdx-expression-parse": {
      "version": "1.0.4"
    },
    "spdx-license-ids": {
      "version": "1.2.2"
    },
    "split-string": {
      "version": "2.1.1"
    },
    "sprintf-js": {
      "version": "1.0.3"
    },
    "static-extend": {
      "version": "0.1.2"
    },
    "statuses": {
      "version": "1.3.1"
    },
    "stream-browserify": {
      "version": "2.0.1"
    },
    "stream-http": {
      "version": "2.7.2"
    },
    "strict-uri-encode": {
      "version": "1.1.0"
    },
    "string_decoder": {
      "version": "0.10.31"
    },
    "string-width": {
      "version": "1.0.2"
    },
    "strip-ansi": {
      "version": "3.0.1"
    },
    "strip-bom": {
      "version": "2.0.0"
    },
    "style-loader": {
      "version": "0.13.2"
    },
    "supports-color": {
      "version": "3.2.3"
    },
    "svgo": {
      "version": "0.7.2",
      "dependencies": {
        "esprima": {
          "version": "2.7.3"
        },
        "js-yaml": {
          "version": "3.7.0"
        }
      }
    },
    "tapable": {
      "version": "0.2.8"
    },
    "time-stamp": {
      "version": "2.0.0"
    },
    "timers-browserify": {
      "version": "2.0.4"
    },
    "to-arraybuffer": {
      "version": "1.0.1"
    },
    "to-object-path": {
      "version": "0.3.0"
    },
    "to-regex": {
      "version": "3.0.1"
    },
    "to-regex-range": {
      "version": "2.1.1"
    },
    "tty-browserify": {
      "version": "0.0.0"
    },
    "typescript": {
      "version": "2.5.3"
    },
    "uglify-js": {
      "version": "2.8.29",
      "dependencies": {
        "camelcase": {
          "version": "1.2.1"
        },
        "cliui": {
          "version": "2.1.0"
        },
        "yargs": {
          "version": "3.10.0"
        }
      }
    },
    "uglify-to-browserify": {
      "version": "1.0.2"
    },
    "union-value": {
      "version": "1.0.0",
      "dependencies": {
        "set-value": {
          "version": "0.4.3"
        }
      }
    },
    "uniq": {
      "version": "1.0.1"
    },
    "uniqid": {
      "version": "4.1.1"
    },
    "uniqs": {
      "version": "2.0.0"
    },
    "unpipe": {
      "version": "1.0.0"
    },
    "unset-value": {
      "version": "1.0.0",
      "dependencies": {
        "has-value": {
          "version": "0.3.1",
          "dependencies": {
            "isobject": {
              "version": "2.1.0"
            }
          }
        },
        "has-values": {
          "version": "0.1.4"
        }
      }
    },
    "urix": {
      "version": "0.1.0"
    },
    "url": {
      "version": "0.11.0",
      "dependencies": {
        "punycode": {
          "version": "1.3.2"
        }
      }
    },
    "url-loader": {
      "version": "0.5.9"
    },
    "use": {
      "version": "2.0.2"
    },
    "util": {
      "version": "0.10.3",
      "dependencies": {
        "inherits": {
          "version": "2.0.1"
        }
      }
    },
    "util-deprecate": {
      "version": "1.0.2"
    },
    "utils-merge": {
      "version": "1.0.1"
    },
    "validate-npm-package-license": {
      "version": "3.0.1"
    },
    "vendors": {
      "version": "1.0.1"
    },
    "vm-browserify": {
      "version": "0.0.4"
    },
    "vue": {
      "version": "2.4.4"
    },
    "vue-class-component": {
      "version": "5.0.2"
    },
    "vue-hot-reload-api": {
      "version": "2.1.1"
    },
    "vue-loader": {
      "version": "11.3.4"
    },
    "vue-property-decorator": {
      "version": "5.3.0"
    },
    "vue-router": {
      "version": "2.7.0"
    },
    "vue-style-loader": {
      "version": "2.0.5"
    },
    "vue-template-compiler": {
      "version": "2.4.4"
    },
    "vue-template-es2015-compiler": {
      "version": "1.6.0"
    },
    "watchpack": {
      "version": "1.4.0"
    },
    "webpack": {
      "version": "2.7.0",
      "dependencies": {
        "enhanced-resolve": {
          "version": "3.4.1"
        },
        "loader-utils": {
          "version": "0.2.17"
        }
      }
    },
    "webpack-dev-middleware": {
      "version": "1.12.0",
      "dependencies": {
        "mime": {
          "version": "1.4.1"
        }
      }
    },
    "webpack-hot-middleware": {
      "version": "2.19.1"
    },
    "webpack-node-externals": {
      "version": "1.6.0"
    },
    "webpack-sources": {
      "version": "1.0.1",
      "dependencies": {
        "source-list-map": {
          "version": "2.0.0"
        }
      }
    },
    "whatwg-fetch": {
      "version": "2.0.3"
    },
    "whet.extend": {
      "version": "0.9.9"
    },
    "which-module": {
      "version": "1.0.0"
    },
    "window-size": {
      "version": "0.1.0"
    },
    "wordwrap": {
      "version": "0.0.2"
    },
    "wrap-ansi": {
      "version": "2.1.0"
    },
    "xtend": {
      "version": "4.0.1"
    },
    "y18n": {
      "version": "3.2.1"
    },
    "yallist": {
      "version": "2.1.2"
    },
    "yargs": {
      "version": "6.6.0"
    },
    "yargs-parser": {
      "version": "4.2.1"
    }
  }
}
